
Microsoft Visual Studio Solution File, Format Version 12.00
# Visual Studio 15
VisualStudioVersion = 15.0.26430.15
MinimumVisualStudioVersion = 10.0.40219.1
Project("{FAE04EC0-301F-11D3-BF4B-00C04F79EFBC}") = "XSampleDeviceTimer.Android", "XSampleDeviceTimer\XSampleDeviceTimer.Android\XSampleDeviceTimer.Android.csproj", "{7615F08C-16EF-4EB0-9B19-B40FFD95B01F}"
EndProject
Project("{FAE04EC0-301F-11D3-BF4B-00C04F79EFBC}") = "XSampleDeviceTimer", "XSampleDeviceTimer\XSampleDeviceTimer\XSampleDeviceTimer.csproj", "{E6CA3460-03BA-4CAB-9449-E9CC973A8D54}"
EndProject
Project("{FAE04EC0-301F-11D3-BF4B-00C04F79EFBC}") = "XSampleDeviceTimer.UWP", "XSampleDeviceTimer\XSampleDeviceTimer.UWP\XSampleDeviceTimer.UWP.csproj", "{1C823CE5-25C1-4F9D-81A7-82C949C5B6BF}"
EndProject
Project("{FAE04EC0-301F-11D3-BF4B-00C04F79EFBC}") = "XSampleDeviceTimer.iOS", "XSampleDeviceTimer\XSampleDeviceTimer.iOS\XSampleDeviceTimer.iOS.csproj", "{F368AE25-969B-4D03-996D-D0FFC4867F3A}"
EndProject
Global
	GlobalSection(SolutionConfigurationPlatforms) = preSolution
		Ad-Hoc|Any CPU = Ad-Hoc|Any CPU
		Ad-Hoc|ARM = Ad-Hoc|ARM
		Ad-Hoc|iPhone = Ad-Hoc|iPhone
		Ad-Hoc|iPhoneSimulator = Ad-Hoc|iPhoneSimulator
		Ad-Hoc|x64 = Ad-Hoc|x64
		Ad-Hoc|x86 = Ad-Hoc|x86
		AppStore|Any CPU = AppStore|Any CPU
		AppStore|ARM = AppStore|ARM
		AppStore|iPhone = AppStore|iPhone
		AppStore|iPhoneSimulator = AppStore|iPhoneSimulator
		AppStore|x64 = AppStore|x64
		AppStore|x86 = AppStore|x86
		Debug|Any CPU = Debug|Any CPU
		Debug|ARM = Debug|ARM
		Debug|iPhone = Debug|iPhone
		Debug|iPhoneSimulator = Debug|iPhoneSimulator
		Debug|x64 = Debug|x64
		Debug|x86 = Debug|x86
		Release|Any CPU = Release|Any CPU
		Release|ARM = Release|ARM
		Release|iPhone = Release|iPhone
		Release|iPhoneSimulator = Release|iPhoneSimulator
		Release|x64 = Release|x64
		Release|x86 = Release|x86
	EndGlobalSection
	GlobalSection(ProjectConfigurationPlatforms) = postSolution
		{7615F08C-16EF-4EB0-9B19-B40FFD95B01F}.Ad-Hoc|Any CPU.ActiveCfg = Release|Any CPU
		{7615F08C-16EF-4EB0-9B19-B40FFD95B01F}.Ad-Hoc|Any CPU.Build.0 = Release|Any CPU
		{7615F08C-16EF-4EB0-9B19-B40FFD95B01F}.Ad-Hoc|Any CPU.Deploy.0 = Release|Any CPU
		{7615F08C-16EF-4EB0-9B19-B40FFD95B01F}.Ad-Hoc|ARM.ActiveCfg = Release|Any CPU
		{7615F08C-16EF-4EB0-9B19-B40FFD95B01F}.Ad-Hoc|ARM.Build.0 = Release|Any CPU
		{7615F08C-16EF-4EB0-9B19-B40FFD95B01F}.Ad-Hoc|ARM.Deploy.0 = Release|Any CPU
		{7615F08C-16EF-4EB0-9B19-B40FFD95B01F}.Ad-Hoc|iPhone.ActiveCfg = Release|Any CPU
		{7615F08C-16EF-4EB0-9B19-B40FFD95B01F}.Ad-Hoc|iPhone.Build.0 = Release|Any CPU
		{7615F08C-16EF-4EB0-9B19-B40FFD95B01F}.Ad-Hoc|iPhone.Deploy.0 = Release|Any CPU
		{7615F08C-16EF-4EB0-9B19-B40FFD95B01F}.Ad-Hoc|iPhoneSimulator.ActiveCfg = Release|Any CPU
		{7615F08C-16EF-4EB0-9B19-B40FFD95B01F}.Ad-Hoc|iPhoneSimulator.Build.0 = Release|Any CPU
		{7615F08C-16EF-4EB0-9B19-B40FFD95B01F}.Ad-Hoc|iPhoneSimulator.Deploy.0 = Release|Any CPU
		{7615F08C-16EF-4EB0-9B19-B40FFD95B01F}.Ad-Hoc|x64.ActiveCfg = Release|Any CPU
		{7615F08C-16EF-4EB0-9B19-B40FFD95B01F}.Ad-Hoc|x64.Build.0 = Release|Any CPU
		{7615F08C-16EF-4EB0-9B19-B40FFD95B01F}.Ad-Hoc|x64.Deploy.0 = Release|Any CPU
		{7615F08C-16EF-4EB0-9B19-B40FFD95B01F}.Ad-Hoc|x86.ActiveCfg = Release|Any CPU
		{7615F08C-16EF-4EB0-9B19-B40FFD95B01F}.Ad-Hoc|x86.Build.0 = Release|Any CPU
		{7615F08C-16EF-4EB0-9B19-B40FFD95B01F}.Ad-Hoc|x86.Deploy.0 = Release|Any CPU
		{7615F08C-16EF-4EB0-9B19-B40FFD95B01F}.AppStore|Any CPU.ActiveCfg = Release|Any CPU
		{7615F08C-16EF-4EB0-9B19-B40FFD95B01F}.AppStore|Any CPU.Build.0 = Release|Any CPU
		{7615F08C-16EF-4EB0-9B19-B40FFD95B01F}.AppStore|Any CPU.Deploy.0 = Release|Any CPU
		{7615F08C-16EF-4EB0-9B19-B40FFD95B01F}.AppStore|ARM.ActiveCfg = Release|Any CPU
		{7615F08C-16EF-4EB0-9B19-B40FFD95B01F}.AppStore|ARM.Build.0 = Release|Any CPU
		{7615F08C-16EF-4EB0-9B19-B40FFD95B01F}.AppStore|ARM.Deploy.0 = Release|Any CPU
		{7615F08C-16EF-4EB0-9B19-B40FFD95B01F}.AppStore|iPhone.ActiveCfg = Release|Any CPU
		{7615F08C-16EF-4EB0-9B19-B40FFD95B01F}.AppStore|iPhone.Build.0 = Release|Any CPU
		{7615F08C-16EF-4EB0-9B19-B40FFD95B01F}.AppStore|iPhone.Deploy.0 = Release|Any CPU
		{7615F08C-16EF-4EB0-9B19-B40FFD95B01F}.AppStore|iPhoneSimulator.ActiveCfg = Release|Any CPU
		{7615F08C-16EF-4EB0-9B19-B40FFD95B01F}.AppStore|iPhoneSimulator.Build.0 = Release|Any CPU
		{7615F08C-16EF-4EB0-9B19-B40FFD95B01F}.AppStore|iPhoneSimulator.Deploy.0 = Release|Any CPU
		{7615F08C-16EF-4EB0-9B19-B40FFD95B01F}.AppStore|x64.ActiveCfg = Release|Any CPU
		{7615F08C-16EF-4EB0-9B19-B40FFD95B01F}.AppStore|x64.Build.0 = Release|Any CPU
		{7615F08C-16EF-4EB0-9B19-B40FFD95B01F}.AppStore|x64.Deploy.0 = Release|Any CPU
		{7615F08C-16EF-4EB0-9B19-B40FFD95B01F}.AppStore|x86.ActiveCfg = Release|Any CPU
		{7615F08C-16EF-4EB0-9B19-B40FFD95B01F}.AppStore|x86.Build.0 = Release|Any CPU
		{7615F08C-16EF-4EB0-9B19-B40FFD95B01F}.AppStore|x86.Deploy.0 = Release|Any CPU
		{7615F08C-16EF-4EB0-9B19-B40FFD95B01F}.Debug|Any CPU.ActiveCfg = Debug|Any CPU
		{7615F08C-16EF-4EB0-9B19-B40FFD95B01F}.Debug|Any CPU.Build.0 = Debug|Any CPU
		{7615F08C-16EF-4EB0-9B19-B40FFD95B01F}.Debug|Any CPU.Deploy.0 = Debug|Any CPU
		{7615F08C-16EF-4EB0-9B19-B40FFD95B01F}.Debug|ARM.ActiveCfg = Debug|Any CPU
		{7615F08C-16EF-4EB0-9B19-B40FFD95B01F}.Debug|ARM.Build.0 = Debug|Any CPU
		{7615F08C-16EF-4EB0-9B19-B40FFD95B01F}.Debug|ARM.Deploy.0 = Debug|Any CPU
		{7615F08C-16EF-4EB0-9B19-B40FFD95B01F}.Debug|iPhone.ActiveCfg = Debug|Any CPU
		{7615F08C-16EF-4EB0-9B19-B40FFD95B01F}.Debug|iPhone.Build.0 = Debug|Any CPU
		{7615F08C-16EF-4EB0-9B19-B40FFD95B01F}.Debug|iPhone.Deploy.0 = Debug|Any CPU
		{7615F08C-16EF-4EB0-9B19-B40FFD95B01F}.Debug|iPhoneSimulator.ActiveCfg = Debug|Any CPU
		{7615F08C-16EF-4EB0-9B19-B40FFD95B01F}.Debug|iPhoneSimulator.Build.0 = Debug|Any CPU
		{7615F08C-16EF-4EB0-9B19-B40FFD95B01F}.Debug|iPhoneSimulator.Deploy.0 = Debug|Any CPU
		{7615F08C-16EF-4EB0-9B19-B40FFD95B01F}.Debug|x64.ActiveCfg = Debug|Any CPU
		{7615F08C-16EF-4EB0-9B19-B40FFD95B01F}.Debug|x64.Build.0 = Debug|Any CPU
		{7615F08C-16EF-4EB0-9B19-B40FFD95B01F}.Debug|x64.Deploy.0 = Debug|Any CPU
		{7615F08C-16EF-4EB0-9B19-B40FFD95B01F}.Debug|x86.ActiveCfg = Debug|Any CPU
		{7615F08C-16EF-4EB0-9B19-B40FFD95B01F}.Debug|x86.Build.0 = Debug|Any CPU
		{7615F08C-16EF-4EB0-9B19-B40FFD95B01F}.Debug|x86.Deploy.0 = Debug|Any CPU
		{7615F08C-16EF-4EB0-9B19-B40FFD95B01F}.Release|Any CPU.ActiveCfg = Release|Any CPU
		{7615F08C-16EF-4EB0-9B19-B40FFD95B01F}.Release|Any CPU.Build.0 = Release|Any CPU
		{7615F08C-16EF-4EB0-9B19-B40FFD95B01F}.Release|Any CPU.Deploy.0 = Release|Any CPU
		{7615F08C-16EF-4EB0-9B19-B40FFD95B01F}.Release|ARM.ActiveCfg = Release|Any CPU
		{7615F08C-16EF-4EB0-9B19-B40FFD95B01F}.Release|ARM.Build.0 = Release|Any CPU
		{7615F08C-16EF-4EB0-9B19-B40FFD95B01F}.Release|ARM.Deploy.0 = Release|Any CPU
		{7615F08C-16EF-4EB0-9B19-B40FFD95B01F}.Release|iPhone.ActiveCfg = Release|Any CPU
		{7615F08C-16EF-4EB0-9B19-B40FFD95B01F}.Release|iPhone.Build.0 = Release|Any CPU
		{7615F08C-16EF-4EB0-9B19-B40FFD95B01F}.Release|iPhone.Deploy.0 = Release|Any CPU
		{7615F08C-16EF-4EB0-9B19-B40FFD95B01F}.Release|iPhoneSimulator.ActiveCfg = Release|Any CPU
		{7615F08C-16EF-4EB0-9B19-B40FFD95B01F}.Release|iPhoneSimulator.Build.0 = Release|Any CPU
		{7615F08C-16EF-4EB0-9B19-B40FFD95B01F}.Release|iPhoneSimulator.Deploy.0 = Release|Any CPU
		{7615F08C-16EF-4EB0-9B19-B40FFD95B01F}.Release|x64.ActiveCfg = Release|Any CPU
		{7615F08C-16EF-4EB0-9B19-B40FFD95B01F}.Release|x64.Build.0 = Release|Any CPU
		{7615F08C-16EF-4EB0-9B19-B40FFD95B01F}.Release|x64.Deploy.0 = Release|Any CPU
		{7615F08C-16EF-4EB0-9B19-B40FFD95B01F}.Release|x86.ActiveCfg = Release|Any CPU
		{7615F08C-16EF-4EB0-9B19-B40FFD95B01F}.Release|x86.Build.0 = Release|Any CPU
		{7615F08C-16EF-4EB0-9B19-B40FFD95B01F}.Release|x86.Deploy.0 = Release|Any CPU
		{E6CA3460-03BA-4CAB-9449-E9CC973A8D54}.Ad-Hoc|Any CPU.ActiveCfg = Release|Any CPU
		{E6CA3460-03BA-4CAB-9449-E9CC973A8D54}.Ad-Hoc|Any CPU.Build.0 = Release|Any CPU
		{E6CA3460-03BA-4CAB-9449-E9CC973A8D54}.Ad-Hoc|ARM.ActiveCfg = Release|Any CPU
		{E6CA3460-03BA-4CAB-9449-E9CC973A8D54}.Ad-Hoc|ARM.Build.0 = Release|Any CPU
		{E6CA3460-03BA-4CAB-9449-E9CC973A8D54}.Ad-Hoc|iPhone.ActiveCfg = Release|Any CPU
		{E6CA3460-03BA-4CAB-9449-E9CC973A8D54}.Ad-Hoc|iPhone.Build.0 = Release|Any CPU
		{E6CA3460-03BA-4CAB-9449-E9CC973A8D54}.Ad-Hoc|iPhoneSimulator.ActiveCfg = Release|Any CPU
		{E6CA3460-03BA-4CAB-9449-E9CC973A8D54}.Ad-Hoc|iPhoneSimulator.Build.0 = Release|Any CPU
		{E6CA3460-03BA-4CAB-9449-E9CC973A8D54}.Ad-Hoc|x64.ActiveCfg = Release|Any CPU
		{E6CA3460-03BA-4CAB-9449-E9CC973A8D54}.Ad-Hoc|x64.Build.0 = Release|Any CPU
		{E6CA3460-03BA-4CAB-9449-E9CC973A8D54}.Ad-Hoc|x86.ActiveCfg = Release|Any CPU
		{E6CA3460-03BA-4CAB-9449-E9CC973A8D54}.Ad-Hoc|x86.Build.0 = Release|Any CPU
		{E6CA3460-03BA-4CAB-9449-E9CC973A8D54}.AppStore|Any CPU.ActiveCfg = Release|Any CPU
		{E6CA3460-03BA-4CAB-9449-E9CC973A8D54}.AppStore|Any CPU.Build.0 = Release|Any CPU
		{E6CA3460-03BA-4CAB-9449-E9CC973A8D54}.AppStore|ARM.ActiveCfg = Release|Any CPU
		{E6CA3460-03BA-4CAB-9449-E9CC973A8D54}.AppStore|ARM.Build.0 = Release|Any CPU
		{E6CA3460-03BA-4CAB-9449-E9CC973A8D54}.AppStore|iPhone.ActiveCfg = Release|Any CPU
		{E6CA3460-03BA-4CAB-9449-E9CC973A8D54}.AppStore|iPhone.Build.0 = Release|Any CPU
		{E6CA3460-03BA-4CAB-9449-E9CC973A8D54}.AppStore|iPhoneSimulator.ActiveCfg = Release|Any CPU
		{E6CA3460-03BA-4CAB-9449-E9CC973A8D54}.AppStore|iPhoneSimulator.Build.0 = Release|Any CPU
		{E6CA3460-03BA-4CAB-9449-E9CC973A8D54}.AppStore|x64.ActiveCfg = Release|Any CPU
		{E6CA3460-03BA-4CAB-9449-E9CC973A8D54}.AppStore|x64.Build.0 = Release|Any CPU
		{E6CA3460-03BA-4CAB-9449-E9CC973A8D54}.AppStore|x86.ActiveCfg = Release|Any CPU
		{E6CA3460-03BA-4CAB-9449-E9CC973A8D54}.AppStore|x86.Build.0 = Release|Any CPU
		{E6CA3460-03BA-4CAB-9449-E9CC973A8D54}.Debug|Any CPU.ActiveCfg = Debug|Any CPU
		{E6CA3460-03BA-4CAB-9449-E9CC973A8D54}.Debug|Any CPU.Build.0 = Debug|Any CPU
		{E6CA3460-03BA-4CAB-9449-E9CC973A8D54}.Debug|ARM.ActiveCfg = Debug|Any CPU
		{E6CA3460-03BA-4CAB-9449-E9CC973A8D54}.Debug|ARM.Build.0 = Debug|Any CPU
		{E6CA3460-03BA-4CAB-9449-E9CC973A8D54}.Debug|iPhone.ActiveCfg = Debug|Any CPU
		{E6CA3460-03BA-4CAB-9449-E9CC973A8D54}.Debug|iPhone.Build.0 = Debug|Any CPU
		{E6CA3460-03BA-4CAB-9449-E9CC973A8D54}.Debug|iPhoneSimulator.ActiveCfg = Debug|Any CPU
		{E6CA3460-03BA-4CAB-9449-E9CC973A8D54}.Debug|iPhoneSimulator.Build.0 = Debug|Any CPU
		{E6CA3460-03BA-4CAB-9449-E9CC973A8D54}.Debug|x64.ActiveCfg = Debug|Any CPU
		{E6CA3460-03BA-4CAB-9449-E9CC973A8D54}.Debug|x64.Build.0 = Debug|Any CPU
		{E6CA3460-03BA-4CAB-9449-E9CC973A8D54}.Debug|x86.ActiveCfg = Debug|Any CPU
		{E6CA3460-03BA-4CAB-9449-E9CC973A8D54}.Debug|x86.Build.0 = Debug|Any CPU
		{E6CA3460-03BA-4CAB-9449-E9CC973A8D54}.Release|Any CPU.ActiveCfg = Release|Any CPU
		{E6CA3460-03BA-4CAB-9449-E9CC973A8D54}.Release|Any CPU.Build.0 = Release|Any CPU
		{E6CA3460-03BA-4CAB-9449-E9CC973A8D54}.Release|ARM.ActiveCfg = Release|Any CPU
		{E6CA3460-03BA-4CAB-9449-E9CC973A8D54}.Release|ARM.Build.0 = Release|Any CPU
		{E6CA3460-03BA-4CAB-9449-E9CC973A8D54}.Release|iPhone.ActiveCfg = Release|Any CPU
		{E6CA3460-03BA-4CAB-9449-E9CC973A8D54}.Release|iPhone.Build.0 = Release|Any CPU
		{E6CA3460-03BA-4CAB-9449-E9CC973A8D54}.Release|iPhoneSimulator.ActiveCfg = Release|Any CPU
		{E6CA3460-03BA-4CAB-9449-E9CC973A8D54}.Release|iPhoneSimulator.Build.0 = Release|Any CPU
		{E6CA3460-03BA-4CAB-9449-E9CC973A8D54}.Release|x64.ActiveCfg = Release|Any CPU
		{E6CA3460-03BA-4CAB-9449-E9CC973A8D54}.Release|x64.Build.0 = Release|Any CPU
		{E6CA3460-03BA-4CAB-9449-E9CC973A8D54}.Release|x86.ActiveCfg = Release|Any CPU
		{E6CA3460-03BA-4CAB-9449-E9CC973A8D54}.Release|x86.Build.0 = Release|Any CPU
		{1C823CE5-25C1-4F9D-81A7-82C949C5B6BF}.Ad-Hoc|Any CPU.ActiveCfg = Release|x86
		{1C823CE5-25C1-4F9D-81A7-82C949C5B6BF}.Ad-Hoc|Any CPU.Build.0 = Release|x86
		{1C823CE5-25C1-4F9D-81A7-82C949C5B6BF}.Ad-Hoc|Any CPU.Deploy.0 = Release|x86
		{1C823CE5-25C1-4F9D-81A7-82C949C5B6BF}.Ad-Hoc|ARM.ActiveCfg = Release|ARM
		{1C823CE5-25C1-4F9D-81A7-82C949C5B6BF}.Ad-Hoc|ARM.Build.0 = Release|ARM
		{1C823CE5-25C1-4F9D-81A7-82C949C5B6BF}.Ad-Hoc|ARM.Deploy.0 = Release|ARM
		{1C823CE5-25C1-4F9D-81A7-82C949C5B6BF}.Ad-Hoc|iPhone.ActiveCfg = Release|x86
		{1C823CE5-25C1-4F9D-81A7-82C949C5B6BF}.Ad-Hoc|iPhone.Build.0 = Release|x86
		{1C823CE5-25C1-4F9D-81A7-82C949C5B6BF}.Ad-Hoc|iPhone.Deploy.0 = Release|x86
		{1C823CE5-25C1-4F9D-81A7-82C949C5B6BF}.Ad-Hoc|iPhoneSimulator.ActiveCfg = Release|x86
		{1C823CE5-25C1-4F9D-81A7-82C949C5B6BF}.Ad-Hoc|iPhoneSimulator.Build.0 = Release|x86
		{1C823CE5-25C1-4F9D-81A7-82C949C5B6BF}.Ad-Hoc|iPhoneSimulator.Deploy.0 = Release|x86
		{1C823CE5-25C1-4F9D-81A7-82C949C5B6BF}.Ad-Hoc|x64.ActiveCfg = Release|x64
		{1C823CE5-25C1-4F9D-81A7-82C949C5B6BF}.Ad-Hoc|x64.Build.0 = Release|x64
		{1C823CE5-25C1-4F9D-81A7-82C949C5B6BF}.Ad-Hoc|x64.Deploy.0 = Release|x64
		{1C823CE5-25C1-4F9D-81A7-82C949C5B6BF}.Ad-Hoc|x86.ActiveCfg = Release|x86
		{1C823CE5-25C1-4F9D-81A7-82C949C5B6BF}.Ad-Hoc|x86.Build.0 = Release|x86
		{1C823CE5-25C1-4F9D-81A7-82C949C5B6BF}.Ad-Hoc|x86.Deploy.0 = Release|x86
		{1C823CE5-25C1-4F9D-81A7-82C949C5B6BF}.AppStore|Any CPU.ActiveCfg = Release|x86
		{1C823CE5-25C1-4F9D-81A7-82C949C5B6BF}.AppStore|Any CPU.Build.0 = Release|x86
		{1C823CE5-25C1-4F9D-81A7-82C949C5B6BF}.AppStore|Any CPU.Deploy.0 = Release|x86
		{1C823CE5-25C1-4F9D-81A7-82C949C5B6BF}.AppStore|ARM.ActiveCfg = Release|ARM
		{1C823CE5-25C1-4F9D-81A7-82C949C5B6BF}.AppStore|ARM.Build.0 = Release|ARM
		{1C823CE5-25C1-4F9D-81A7-82C949C5B6BF}.AppStore|ARM.Deploy.0 = Release|ARM
		{1C823CE5-25C1-4F9D-81A7-82C949C5B6BF}.AppStore|iPhone.ActiveCfg = Release|x86
		{1C823CE5-25C1-4F9D-81A7-82C949C5B6BF}.AppStore|iPhone.Build.0 = Release|x86
		{1C823CE5-25C1-4F9D-81A7-82C949C5B6BF}.AppStore|iPhone.Deploy.0 = Release|x86
		{1C823CE5-25C1-4F9D-81A7-82C949C5B6BF}.AppStore|iPhoneSimulator.ActiveCfg = Release|x86
		{1C823CE5-25C1-4F9D-81A7-82C949C5B6BF}.AppStore|iPhoneSimulator.Build.0 = Release|x86
		{1C823CE5-25C1-4F9D-81A7-82C949C5B6BF}.AppStore|iPhoneSimulator.Deploy.0 = Release|x86
		{1C823CE5-25C1-4F9D-81A7-82C949C5B6BF}.AppStore|x64.ActiveCfg = Release|x64
		{1C823CE5-25C1-4F9D-81A7-82C949C5B6BF}.AppStore|x64.Build.0 = Release|x64
		{1C823CE5-25C1-4F9D-81A7-82C949C5B6BF}.AppStore|x64.Deploy.0 = Release|x64
		{1C823CE5-25C1-4F9D-81A7-82C949C5B6BF}.AppStore|x86.ActiveCfg = Release|x86
		{1C823CE5-25C1-4F9D-81A7-82C949C5B6BF}.AppStore|x86.Build.0 = Release|x86
		{1C823CE5-25C1-4F9D-81A7-82C949C5B6BF}.AppStore|x86.Deploy.0 = Release|x86
		{1C823CE5-25C1-4F9D-81A7-82C949C5B6BF}.Debug|Any CPU.ActiveCfg = Debug|x86
		{1C823CE5-25C1-4F9D-81A7-82C949C5B6BF}.Debug|ARM.ActiveCfg = Debug|ARM
		{1C823CE5-25C1-4F9D-81A7-82C949C5B6BF}.Debug|ARM.Build.0 = Debug|ARM
		{1C823CE5-25C1-4F9D-81A7-82C949C5B6BF}.Debug|ARM.Deploy.0 = Debug|ARM
		{1C823CE5-25C1-4F9D-81A7-82C949C5B6BF}.Debug|iPhone.ActiveCfg = Debug|x86
		{1C823CE5-25C1-4F9D-81A7-82C949C5B6BF}.Debug|iPhoneSimulator.ActiveCfg = Debug|x86
		{1C823CE5-25C1-4F9D-81A7-82C949C5B6BF}.Debug|x64.ActiveCfg = Debug|x64
		{1C823CE5-25C1-4F9D-81A7-82C949C5B6BF}.Debug|x64.Build.0 = Debug|x64
		{1C823CE5-25C1-4F9D-81A7-82C949C5B6BF}.Debug|x64.Deploy.0 = Debug|x64
		{1C823CE5-25C1-4F9D-81A7-82C949C5B6BF}.Debug|x86.ActiveCfg = Debug|x86
		{1C823CE5-25C1-4F9D-81A7-82C949C5B6BF}.Debug|x86.Build.0 = Debug|x86
		{1C823CE5-25C1-4F9D-81A7-82C949C5B6BF}.Debug|x86.Deploy.0 = Debug|x86
		{1C823CE5-25C1-4F9D-81A7-82C949C5B6BF}.Release|Any CPU.ActiveCfg = Release|x86
		{1C823CE5-25C1-4F9D-81A7-82C949C5B6BF}.Release|ARM.ActiveCfg = Release|ARM
		{1C823CE5-25C1-4F9D-81A7-82C949C5B6BF}.Release|ARM.Build.0 = Release|ARM
		{1C823CE5-25C1-4F9D-81A7-82C949C5B6BF}.Release|ARM.Deploy.0 = Release|ARM
		{1C823CE5-25C1-4F9D-81A7-82C949C5B6BF}.Release|iPhone.ActiveCfg = Release|x86
		{1C823CE5-25C1-4F9D-81A7-82C949C5B6BF}.Release|iPhoneSimulator.ActiveCfg = Release|x86
		{1C823CE5-25C1-4F9D-81A7-82C949C5B6BF}.Release|x64.ActiveCfg = Release|x64
		{1C823CE5-25C1-4F9D-81A7-82C949C5B6BF}.Release|x64.Build.0 = Release|x64
		{1C823CE5-25C1-4F9D-81A7-82C949C5B6BF}.Release|x64.Deploy.0 = Release|x64
		{1C823CE5-25C1-4F9D-81A7-82C949C5B6BF}.Release|x86.ActiveCfg = Release|x86
		{1C823CE5-25C1-4F9D-81A7-82C949C5B6BF}.Release|x86.Build.0 = Release|x86
		{1C823CE5-25C1-4F9D-81A7-82C949C5B6BF}.Release|x86.Deploy.0 = Release|x86
		{F368AE25-969B-4D03-996D-D0FFC4867F3A}.Ad-Hoc|Any CPU.ActiveCfg = Ad-Hoc|iPhone
		{F368AE25-969B-4D03-996D-D0FFC4867F3A}.Ad-Hoc|ARM.ActiveCfg = Ad-Hoc|iPhone
		{F368AE25-969B-4D03-996D-D0FFC4867F3A}.Ad-Hoc|iPhone.ActiveCfg = Ad-Hoc|iPhone
		{F368AE25-969B-4D03-996D-D0FFC4867F3A}.Ad-Hoc|iPhone.Build.0 = Ad-Hoc|iPhone
		{F368AE25-969B-4D03-996D-D0FFC4867F3A}.Ad-Hoc|iPhoneSimulator.ActiveCfg = Ad-Hoc|iPhoneSimulator
		{F368AE25-969B-4D03-996D-D0FFC4867F3A}.Ad-Hoc|iPhoneSimulator.Build.0 = Ad-Hoc|iPhoneSimulator
		{F368AE25-969B-4D03-996D-D0FFC4867F3A}.Ad-Hoc|x64.ActiveCfg = Ad-Hoc|iPhone
		{F368AE25-969B-4D03-996D-D0FFC4867F3A}.Ad-Hoc|x86.ActiveCfg = Ad-Hoc|iPhone
		{F368AE25-969B-4D03-996D-D0FFC4867F3A}.AppStore|Any CPU.ActiveCfg = AppStore|iPhone
		{F368AE25-969B-4D03-996D-D0FFC4867F3A}.AppStore|ARM.ActiveCfg = AppStore|iPhone
		{F368AE25-969B-4D03-996D-D0FFC4867F3A}.AppStore|iPhone.ActiveCfg = AppStore|iPhone
		{F368AE25-969B-4D03-996D-D0FFC4867F3A}.AppStore|iPhone.Build.0 = AppStore|iPhone
		{F368AE25-969B-4D03-996D-D0FFC4867F3A}.AppStore|iPhoneSimulator.ActiveCfg = AppStore|iPhoneSimulator
		{F368AE25-969B-4D03-996D-D0FFC4867F3A}.AppStore|iPhoneSimulator.Build.0 = AppStore|iPhoneSimulator
		{F368AE25-969B-4D03-996D-D0FFC4867F3A}.AppStore|x64.ActiveCfg = AppStore|iPhone
		{F368AE25-969B-4D03-996D-D0FFC4867F3A}.AppStore|x86.ActiveCfg = AppStore|iPhone
		{F368AE25-969B-4D03-996D-D0FFC4867F3A}.Debug|Any CPU.ActiveCfg = Debug|iPhone
		{F368AE25-969B-4D03-996D-D0FFC4867F3A}.Debug|ARM.ActiveCfg = Debug|iPhone
		{F368AE25-969B-4D03-996D-D0FFC4867F3A}.Debug|iPhone.ActiveCfg = Debug|iPhone
		{F368AE25-969B-4D03-996D-D0FFC4867F3A}.Debug|iPhone.Build.0 = Debug|iPhone
		{F368AE25-969B-4D03-996D-D0FFC4867F3A}.Debug|iPhoneSimulator.ActiveCfg = Debug|iPhoneSimulator
		{F368AE25-969B-4D03-996D-D0FFC4867F3A}.Debug|iPhoneSimulator.Build.0 = Debug|iPhoneSimulator
		{F368AE25-969B-4D03-996D-D0FFC4867F3A}.Debug|x64.ActiveCfg = Debug|iPhone
		{F368AE25-969B-4D03-996D-D0FFC4867F3A}.Debug|x86.ActiveCfg = Debug|iPhone
		{F368AE25-969B-4D03-996D-D0FFC4867F3A}.Release|Any CPU.ActiveCfg = Release|iPhone
		{F368AE25-969B-4D03-996D-D0FFC4867F3A}.Release|ARM.ActiveCfg = Release|iPhone
		{F368AE25-969B-4D03-996D-D0FFC4867F3A}.Release|iPhone.ActiveCfg = Release|iPhone
		{F368AE25-969B-4D03-996D-D0FFC4867F3A}.Release|iPhone.Build.0 = Release|iPhone
		{F368AE25-969B-4D03-996D-D0FFC4867F3A}.Release|iPhoneSimulator.ActiveCfg = Release|iPhoneSimulator
		{F368AE25-969B-4D03-996D-D0FFC4867F3A}.Release|iPhoneSimulator.Build.0 = Release|iPhoneSimulator
		{F368AE25-969B-4D03-996D-D0FFC4867F3A}.Release|x64.ActiveCfg = Release|iPhone
		{F368AE25-969B-4D03-996D-D0FFC4867F3A}.Release|x86.ActiveCfg = Release|iPhone
	EndGlobalSection
	GlobalSection(SolutionProperties) = preSolution
		HideSolutionNode = FALSE
	EndGlobalSection
EndGlobal
